// !$*UTF8*$!
{
	archiveVersion = 1;
	classes = {
	};
	objectVersion = 50;
	objects = {

/* Begin PBXBuildFile section */
		6A74949ED76B8E3FBF31D0C7 /* Pods_Circle.framework in Frameworks */ = {isa = PBXBuildFile; fileRef = 493C58FDAEB26CA3602EE6A4 /* Pods_Circle.framework */; };
		E90B147A218FAAB500985D68 /* CirclLikeButton.swift in Sources */ = {isa = PBXBuildFile; fileRef = E90B1479218FAAB500985D68 /* CirclLikeButton.swift */; };
		E91BC9D7221A3B16005E686C /* GoogleService-Info.plist in Resources */ = {isa = PBXBuildFile; fileRef = E91BC9D6221A3B16005E686C /* GoogleService-Info.plist */; };
		E942ABBA2182AFBB0011DFD5 /* Assets.xcassets in Resources */ = {isa = PBXBuildFile; fileRef = E942ABB92182AFBA0011DFD5 /* Assets.xcassets */; };
		E942ABC32182B2790011DFD5 /* LoginViewController.swift in Sources */ = {isa = PBXBuildFile; fileRef = E942ABC22182B2790011DFD5 /* LoginViewController.swift */; };
		E942ABC52182B2A30011DFD5 /* RegisterViewController.swift in Sources */ = {isa = PBXBuildFile; fileRef = E942ABC42182B2A30011DFD5 /* RegisterViewController.swift */; };
		E942ABC72182B2FF0011DFD5 /* TabBarViewController.swift in Sources */ = {isa = PBXBuildFile; fileRef = E942ABC62182B2FF0011DFD5 /* TabBarViewController.swift */; };
		E94F65EA2183D6E9001DF3A2 /* DesignerSlider.swift in Sources */ = {isa = PBXBuildFile; fileRef = E94F65E92183D6E9001DF3A2 /* DesignerSlider.swift */; };
		E94F65F021840DFA001DF3A2 /* CustomLocationManager.swift in Sources */ = {isa = PBXBuildFile; fileRef = E94F65EF21840DFA001DF3A2 /* CustomLocationManager.swift */; };
		E954B838218438F000D59354 /* QuestionCell.xib in Resources */ = {isa = PBXBuildFile; fileRef = E954B837218438F000D59354 /* QuestionCell.xib */; };
		E954B83A21843D6C00D59354 /* CustomQuestoinCell.swift in Sources */ = {isa = PBXBuildFile; fileRef = E954B83921843D6C00D59354 /* CustomQuestoinCell.swift */; };
		E95E94F121880ABD00B85786 /* Answer.swift in Sources */ = {isa = PBXBuildFile; fileRef = E95E94F021880ABD00B85786 /* Answer.swift */; };
		E95E94F421880B8800B85786 /* AnswerCell.swift in Sources */ = {isa = PBXBuildFile; fileRef = E95E94F221880B8800B85786 /* AnswerCell.swift */; };
		E95E94F521880B8800B85786 /* AnswerCell.xib in Resources */ = {isa = PBXBuildFile; fileRef = E95E94F321880B8800B85786 /* AnswerCell.xib */; };
		E95E94F72189761400B85786 /* CustomBorder.swift in Sources */ = {isa = PBXBuildFile; fileRef = E95E94F62189761400B85786 /* CustomBorder.swift */; };
		E95E94F9218A728400B85786 /* DirectChatViewController.swift in Sources */ = {isa = PBXBuildFile; fileRef = E95E94F8218A728400B85786 /* DirectChatViewController.swift */; };
		E95E94FC218A734300B85786 /* customChatCell.swift in Sources */ = {isa = PBXBuildFile; fileRef = E95E94FA218A734300B85786 /* customChatCell.swift */; };
		E95E94FD218A734300B85786 /* customChatCell.xib in Resources */ = {isa = PBXBuildFile; fileRef = E95E94FB218A734300B85786 /* customChatCell.xib */; };
		E9671684221A135B007E43D2 /* PrivacyViewController.swift in Sources */ = {isa = PBXBuildFile; fileRef = E9671683221A135B007E43D2 /* PrivacyViewController.swift */; };
		E9671686221A1630007E43D2 /* TermsViewController.swift in Sources */ = {isa = PBXBuildFile; fileRef = E9671685221A1630007E43D2 /* TermsViewController.swift */; };
		E9725BF021C338EE004F4CCF /* ReputationViewController.swift in Sources */ = {isa = PBXBuildFile; fileRef = E9725BEF21C338EE004F4CCF /* ReputationViewController.swift */; };
		E989A6D7217CB49A00D964E6 /* AppDelegate.swift in Sources */ = {isa = PBXBuildFile; fileRef = E989A6D6217CB49A00D964E6 /* AppDelegate.swift */; };
		E989A6D9217CB49A00D964E6 /* ViewController.swift in Sources */ = {isa = PBXBuildFile; fileRef = E989A6D8217CB49A00D964E6 /* ViewController.swift */; };
		E989A6DC217CB49A00D964E6 /* Main.storyboard in Resources */ = {isa = PBXBuildFile; fileRef = E989A6DA217CB49A00D964E6 /* Main.storyboard */; };
		E989A6E1217CB49C00D964E6 /* LaunchScreen.storyboard in Resources */ = {isa = PBXBuildFile; fileRef = E989A6DF217CB49C00D964E6 /* LaunchScreen.storyboard */; };
		E98A6024221FB2FD00725251 /* NetworkManager.swift in Sources */ = {isa = PBXBuildFile; fileRef = E98A6023221FB2FD00725251 /* NetworkManager.swift */; };
		E98D54702182BD2A008C20D5 /* CustomNavForTabs.swift in Sources */ = {isa = PBXBuildFile; fileRef = E98D546F2182BD2A008C20D5 /* CustomNavForTabs.swift */; };
		E98D54722182C11D008C20D5 /* HomeViewController.swift in Sources */ = {isa = PBXBuildFile; fileRef = E98D54712182C11D008C20D5 /* HomeViewController.swift */; };
		E98D54742182C12B008C20D5 /* AskedViewController.swift in Sources */ = {isa = PBXBuildFile; fileRef = E98D54732182C12B008C20D5 /* AskedViewController.swift */; };
		E98D54762182C149008C20D5 /* NewQuestionViewController.swift in Sources */ = {isa = PBXBuildFile; fileRef = E98D54752182C148008C20D5 /* NewQuestionViewController.swift */; };
		E98D54782182C151008C20D5 /* ChatViewController.swift in Sources */ = {isa = PBXBuildFile; fileRef = E98D54772182C151008C20D5 /* ChatViewController.swift */; };
		E98D547A2182C159008C20D5 /* MeViewController.swift in Sources */ = {isa = PBXBuildFile; fileRef = E98D54792182C159008C20D5 /* MeViewController.swift */; };
		E98D547E21837EE9008C20D5 /* LogoutViewController.swift in Sources */ = {isa = PBXBuildFile; fileRef = E98D547D21837EE9008C20D5 /* LogoutViewController.swift */; };
		E98D548021837F89008C20D5 /* Switcher.swift in Sources */ = {isa = PBXBuildFile; fileRef = E98D547F21837F89008C20D5 /* Switcher.swift */; };
		E98D54842183AC53008C20D5 /* Question.swift in Sources */ = {isa = PBXBuildFile; fileRef = E98D54832183AC53008C20D5 /* Question.swift */; };
		E99B80EE21BDCFC300D26F7F /* customSettingsCell.swift in Sources */ = {isa = PBXBuildFile; fileRef = E99B80EC21BDCFC300D26F7F /* customSettingsCell.swift */; };
		E99B80EF21BDCFC300D26F7F /* customSettingsCell.xib in Resources */ = {isa = PBXBuildFile; fileRef = E99B80ED21BDCFC300D26F7F /* customSettingsCell.xib */; };
		E9A4B8C221927314009268D6 /* AskedDetailViewController.swift in Sources */ = {isa = PBXBuildFile; fileRef = E9A4B8C121927314009268D6 /* AskedDetailViewController.swift */; };
		E9A4B8C52193BD36009268D6 /* ReceivedAnswerCell.swift in Sources */ = {isa = PBXBuildFile; fileRef = E9A4B8C32193BD36009268D6 /* ReceivedAnswerCell.swift */; };
		E9A4B8C62193BD36009268D6 /* ReceivedAnswerCell.xib in Resources */ = {isa = PBXBuildFile; fileRef = E9A4B8C42193BD36009268D6 /* ReceivedAnswerCell.xib */; };
		E9A4B8C821A399CC009268D6 /* customLabel.swift in Sources */ = {isa = PBXBuildFile; fileRef = E9A4B8C721A399CC009268D6 /* customLabel.swift */; };
		E9B073C921829B8000B049F5 /* CustomNav.swift in Sources */ = {isa = PBXBuildFile; fileRef = E9B073C821829B8000B049F5 /* CustomNav.swift */; };
		E9B9D1C721B709E500806651 /* User.swift in Sources */ = {isa = PBXBuildFile; fileRef = E9B9D1C621B709E500806651 /* User.swift */; };
		E9B9D1CA21B7A8ED00806651 /* FriendsCell.swift in Sources */ = {isa = PBXBuildFile; fileRef = E9B9D1C821B7A8ED00806651 /* FriendsCell.swift */; };
		E9B9D1CB21B7A8ED00806651 /* FriendsCell.xib in Resources */ = {isa = PBXBuildFile; fileRef = E9B9D1C921B7A8ED00806651 /* FriendsCell.xib */; };
		E9B9D1CE21BA026D00806651 /* customChatCellRight.swift in Sources */ = {isa = PBXBuildFile; fileRef = E9B9D1CC21BA026D00806651 /* customChatCellRight.swift */; };
		E9B9D1CF21BA026D00806651 /* customChatCellRight.xib in Resources */ = {isa = PBXBuildFile; fileRef = E9B9D1CD21BA026D00806651 /* customChatCellRight.xib */; };
		E9CBB74E218A876600617F95 /* Message.swift in Sources */ = {isa = PBXBuildFile; fileRef = E9CBB74D218A876600617F95 /* Message.swift */; };
		E9FCD11E2187F89C005913E1 /* QuestionDetail.swift in Sources */ = {isa = PBXBuildFile; fileRef = E9FCD11D2187F89C005913E1 /* QuestionDetail.swift */; };
/* End PBXBuildFile section */

/* Begin PBXFileReference section */
		493C58FDAEB26CA3602EE6A4 /* Pods_Circle.framework */ = {isa = PBXFileReference; explicitFileType = wrapper.framework; includeInIndex = 0; path = Pods_Circle.framework; sourceTree = BUILT_PRODUCTS_DIR; };
		76D14F4035E90FDFC6D96A6A /* Pods-Circle.debug.xcconfig */ = {isa = PBXFileReference; includeInIndex = 1; lastKnownFileType = text.xcconfig; name = "Pods-Circle.debug.xcconfig"; path = "Pods/Target Support Files/Pods-Circle/Pods-Circle.debug.xcconfig"; sourceTree = "<group>"; };
		E402A7E2FAE328CA5BA2BFC7 /* Pods-Circle.release.xcconfig */ = {isa = PBXFileReference; includeInIndex = 1; lastKnownFileType = text.xcconfig; name = "Pods-Circle.release.xcconfig"; path = "Pods/Target Support Files/Pods-Circle/Pods-Circle.release.xcconfig"; sourceTree = "<group>"; };
		E90B1479218FAAB500985D68 /* CirclLikeButton.swift */ = {isa = PBXFileReference; lastKnownFileType = sourcecode.swift; path = CirclLikeButton.swift; sourceTree = "<group>"; };
		E91BC9D6221A3B16005E686C /* GoogleService-Info.plist */ = {isa = PBXFileReference; fileEncoding = 4; lastKnownFileType = text.plist.xml; path = "GoogleService-Info.plist"; sourceTree = "<group>"; };
		E942ABB92182AFBA0011DFD5 /* Assets.xcassets */ = {isa = PBXFileReference; lastKnownFileType = folder.assetcatalog; path = Assets.xcassets; sourceTree = "<group>"; };
		E942ABC22182B2790011DFD5 /* LoginViewController.swift */ = {isa = PBXFileReference; lastKnownFileType = sourcecode.swift; path = LoginViewController.swift; sourceTree = "<group>"; };
		E942ABC42182B2A30011DFD5 /* RegisterViewController.swift */ = {isa = PBXFileReference; lastKnownFileType = sourcecode.swift; path = RegisterViewController.swift; sourceTree = "<group>"; };
		E942ABC62182B2FF0011DFD5 /* TabBarViewController.swift */ = {isa = PBXFileReference; lastKnownFileType = sourcecode.swift; path = TabBarViewController.swift; sourceTree = "<group>"; };
		E94F65E92183D6E9001DF3A2 /* DesignerSlider.swift */ = {isa = PBXFileReference; fileEncoding = 4; lastKnownFileType = sourcecode.swift; path = DesignerSlider.swift; sourceTree = "<group>"; };
		E94F65EF21840DFA001DF3A2 /* CustomLocationManager.swift */ = {isa = PBXFileReference; lastKnownFileType = sourcecode.swift; path = CustomLocationManager.swift; sourceTree = "<group>"; };
		E954B837218438F000D59354 /* QuestionCell.xib */ = {isa = PBXFileReference; lastKnownFileType = file.xib; path = QuestionCell.xib; sourceTree = "<group>"; };
		E954B83921843D6C00D59354 /* CustomQuestoinCell.swift */ = {isa = PBXFileReference; lastKnownFileType = sourcecode.swift; path = CustomQuestoinCell.swift; sourceTree = "<group>"; };
		E95E94F021880ABD00B85786 /* Answer.swift */ = {isa = PBXFileReference; lastKnownFileType = sourcecode.swift; path = Answer.swift; sourceTree = "<group>"; };
		E95E94F221880B8800B85786 /* AnswerCell.swift */ = {isa = PBXFileReference; lastKnownFileType = sourcecode.swift; path = AnswerCell.swift; sourceTree = "<group>"; };
		E95E94F321880B8800B85786 /* AnswerCell.xib */ = {isa = PBXFileReference; lastKnownFileType = file.xib; path = AnswerCell.xib; sourceTree = "<group>"; };
		E95E94F62189761400B85786 /* CustomBorder.swift */ = {isa = PBXFileReference; lastKnownFileType = sourcecode.swift; path = CustomBorder.swift; sourceTree = "<group>"; };
		E95E94F8218A728400B85786 /* DirectChatViewController.swift */ = {isa = PBXFileReference; lastKnownFileType = sourcecode.swift; path = DirectChatViewController.swift; sourceTree = "<group>"; };
		E95E94FA218A734300B85786 /* customChatCell.swift */ = {isa = PBXFileReference; lastKnownFileType = sourcecode.swift; path = customChatCell.swift; sourceTree = "<group>"; };
		E95E94FB218A734300B85786 /* customChatCell.xib */ = {isa = PBXFileReference; lastKnownFileType = file.xib; path = customChatCell.xib; sourceTree = "<group>"; };
		E9671683221A135B007E43D2 /* PrivacyViewController.swift */ = {isa = PBXFileReference; lastKnownFileType = sourcecode.swift; path = PrivacyViewController.swift; sourceTree = "<group>"; };
		E9671685221A1630007E43D2 /* TermsViewController.swift */ = {isa = PBXFileReference; lastKnownFileType = sourcecode.swift; path = TermsViewController.swift; sourceTree = "<group>"; };
		E9725BEF21C338EE004F4CCF /* ReputationViewController.swift */ = {isa = PBXFileReference; lastKnownFileType = sourcecode.swift; path = ReputationViewController.swift; sourceTree = "<group>"; };
		E989A6D3217CB49A00D964E6 /* Circle.app */ = {isa = PBXFileReference; explicitFileType = wrapper.application; includeInIndex = 0; path = Circle.app; sourceTree = BUILT_PRODUCTS_DIR; };
		E989A6D6217CB49A00D964E6 /* AppDelegate.swift */ = {isa = PBXFileReference; lastKnownFileType = sourcecode.swift; path = AppDelegate.swift; sourceTree = "<group>"; };
		E989A6D8217CB49A00D964E6 /* ViewController.swift */ = {isa = PBXFileReference; lastKnownFileType = sourcecode.swift; path = ViewController.swift; sourceTree = "<group>"; };
		E989A6DB217CB49A00D964E6 /* Base */ = {isa = PBXFileReference; lastKnownFileType = file.storyboard; name = Base; path = Base.lproj/Main.storyboard; sourceTree = "<group>"; };
		E989A6E0217CB49C00D964E6 /* Base */ = {isa = PBXFileReference; lastKnownFileType = file.storyboard; name = Base; path = Base.lproj/LaunchScreen.storyboard; sourceTree = "<group>"; };
		E989A6E2217CB49C00D964E6 /* Info.plist */ = {isa = PBXFileReference; lastKnownFileType = text.plist.xml; path = Info.plist; sourceTree = "<group>"; };
		E98A6023221FB2FD00725251 /* NetworkManager.swift */ = {isa = PBXFileReference; lastKnownFileType = sourcecode.swift; path = NetworkManager.swift; sourceTree = "<group>"; };
		E98D546F2182BD2A008C20D5 /* CustomNavForTabs.swift */ = {isa = PBXFileReference; lastKnownFileType = sourcecode.swift; path = CustomNavForTabs.swift; sourceTree = "<group>"; };
		E98D54712182C11D008C20D5 /* HomeViewController.swift */ = {isa = PBXFileReference; lastKnownFileType = sourcecode.swift; path = HomeViewController.swift; sourceTree = "<group>"; };
		E98D54732182C12B008C20D5 /* AskedViewController.swift */ = {isa = PBXFileReference; lastKnownFileType = sourcecode.swift; path = AskedViewController.swift; sourceTree = "<group>"; };
		E98D54752182C148008C20D5 /* NewQuestionViewController.swift */ = {isa = PBXFileReference; lastKnownFileType = sourcecode.swift; path = NewQuestionViewController.swift; sourceTree = "<group>"; };
		E98D54772182C151008C20D5 /* ChatViewController.swift */ = {isa = PBXFileReference; lastKnownFileType = sourcecode.swift; path = ChatViewController.swift; sourceTree = "<group>"; };
		E98D54792182C159008C20D5 /* MeViewController.swift */ = {isa = PBXFileReference; lastKnownFileType = sourcecode.swift; path = MeViewController.swift; sourceTree = "<group>"; };
		E98D547D21837EE9008C20D5 /* LogoutViewController.swift */ = {isa = PBXFileReference; lastKnownFileType = sourcecode.swift; path = LogoutViewController.swift; sourceTree = "<group>"; };
		E98D547F21837F89008C20D5 /* Switcher.swift */ = {isa = PBXFileReference; lastKnownFileType = sourcecode.swift; path = Switcher.swift; sourceTree = "<group>"; };
		E98D54832183AC53008C20D5 /* Question.swift */ = {isa = PBXFileReference; lastKnownFileType = sourcecode.swift; path = Question.swift; sourceTree = "<group>"; };
		E99B80EC21BDCFC300D26F7F /* customSettingsCell.swift */ = {isa = PBXFileReference; lastKnownFileType = sourcecode.swift; path = customSettingsCell.swift; sourceTree = "<group>"; };
		E99B80ED21BDCFC300D26F7F /* customSettingsCell.xib */ = {isa = PBXFileReference; lastKnownFileType = file.xib; path = customSettingsCell.xib; sourceTree = "<group>"; };
		E9A4B8C121927314009268D6 /* AskedDetailViewController.swift */ = {isa = PBXFileReference; lastKnownFileType = sourcecode.swift; path = AskedDetailViewController.swift; sourceTree = "<group>"; };
		E9A4B8C32193BD36009268D6 /* ReceivedAnswerCell.swift */ = {isa = PBXFileReference; lastKnownFileType = sourcecode.swift; path = ReceivedAnswerCell.swift; sourceTree = "<group>"; };
		E9A4B8C42193BD36009268D6 /* ReceivedAnswerCell.xib */ = {isa = PBXFileReference; lastKnownFileType = file.xib; path = ReceivedAnswerCell.xib; sourceTree = "<group>"; };
		E9A4B8C721A399CC009268D6 /* customLabel.swift */ = {isa = PBXFileReference; lastKnownFileType = sourcecode.swift; path = customLabel.swift; sourceTree = "<group>"; };
		E9B073C821829B8000B049F5 /* CustomNav.swift */ = {isa = PBXFileReference; lastKnownFileType = sourcecode.swift; path = CustomNav.swift; sourceTree = "<group>"; };
		E9B9D1C621B709E500806651 /* User.swift */ = {isa = PBXFileReference; lastKnownFileType = sourcecode.swift; path = User.swift; sourceTree = "<group>"; };
		E9B9D1C821B7A8ED00806651 /* FriendsCell.swift */ = {isa = PBXFileReference; lastKnownFileType = sourcecode.swift; path = FriendsCell.swift; sourceTree = "<group>"; };
		E9B9D1C921B7A8ED00806651 /* FriendsCell.xib */ = {isa = PBXFileReference; lastKnownFileType = file.xib; path = FriendsCell.xib; sourceTree = "<group>"; };
		E9B9D1CC21BA026D00806651 /* customChatCellRight.swift */ = {isa = PBXFileReference; lastKnownFileType = sourcecode.swift; path = customChatCellRight.swift; sourceTree = "<group>"; };
		E9B9D1CD21BA026D00806651 /* customChatCellRight.xib */ = {isa = PBXFileReference; lastKnownFileType = file.xib; path = customChatCellRight.xib; sourceTree = "<group>"; };
		E9CBB74D218A876600617F95 /* Message.swift */ = {isa = PBXFileReference; lastKnownFileType = sourcecode.swift; path = Message.swift; sourceTree = "<group>"; };
		E9FCD11D2187F89C005913E1 /* QuestionDetail.swift */ = {isa = PBXFileReference; lastKnownFileType = sourcecode.swift; path = QuestionDetail.swift; sourceTree = "<group>"; };
/* End PBXFileReference section */

/* Begin PBXFrameworksBuildPhase section */
		E989A6D0217CB49A00D964E6 /* Frameworks */ = {
			isa = PBXFrameworksBuildPhase;
			buildActionMask = 2147483647;
			files = (
				6A74949ED76B8E3FBF31D0C7 /* Pods_Circle.framework in Frameworks */,
			);
			runOnlyForDeploymentPostprocessing = 0;
		};
/* End PBXFrameworksBuildPhase section */

/* Begin PBXGroup section */
		30FA0A9232A5DC948269455D /* Pods */ = {
			isa = PBXGroup;
			children = (
				76D14F4035E90FDFC6D96A6A /* Pods-Circle.debug.xcconfig */,
				E402A7E2FAE328CA5BA2BFC7 /* Pods-Circle.release.xcconfig */,
			);
			name = Pods;
			sourceTree = "<group>";
		};
		5E3BF0157ABDBCC553E44371 /* Frameworks */ = {
			isa = PBXGroup;
			children = (
				493C58FDAEB26CA3602EE6A4 /* Pods_Circle.framework */,
			);
			name = Frameworks;
			sourceTree = "<group>";
		};
		E942ABBB2182B09A0011DFD5 /* Model */ = {
			isa = PBXGroup;
			children = (
				E98D54832183AC53008C20D5 /* Question.swift */,
				E95E94F021880ABD00B85786 /* Answer.swift */,
				E9CBB74D218A876600617F95 /* Message.swift */,
				E9B9D1C621B709E500806651 /* User.swift */,
			);
			path = Model;
			sourceTree = "<group>";
		};
		E942ABBD2182B0B30011DFD5 /* Controller */ = {
			isa = PBXGroup;
			children = (
				E989A6D6217CB49A00D964E6 /* AppDelegate.swift */,
				E98A6023221FB2FD00725251 /* NetworkManager.swift */,
				E94F65EF21840DFA001DF3A2 /* CustomLocationManager.swift */,
				E98D547F21837F89008C20D5 /* Switcher.swift */,
				E989A6D8217CB49A00D964E6 /* ViewController.swift */,
				E942ABC22182B2790011DFD5 /* LoginViewController.swift */,
				E942ABC42182B2A30011DFD5 /* RegisterViewController.swift */,
				E942ABC62182B2FF0011DFD5 /* TabBarViewController.swift */,
				E98D54712182C11D008C20D5 /* HomeViewController.swift */,
				E9FCD11D2187F89C005913E1 /* QuestionDetail.swift */,
				E98D54732182C12B008C20D5 /* AskedViewController.swift */,
				E9A4B8C121927314009268D6 /* AskedDetailViewController.swift */,
				E95E94F8218A728400B85786 /* DirectChatViewController.swift */,
				E98D54752182C148008C20D5 /* NewQuestionViewController.swift */,
				E98D54772182C151008C20D5 /* ChatViewController.swift */,
				E98D54792182C159008C20D5 /* MeViewController.swift */,
				E98D547D21837EE9008C20D5 /* LogoutViewController.swift */,
				E9725BEF21C338EE004F4CCF /* ReputationViewController.swift */,
				E9671685221A1630007E43D2 /* TermsViewController.swift */,
				E9671683221A135B007E43D2 /* PrivacyViewController.swift */,
			);
			path = Controller;
			sourceTree = "<group>";
		};
		E942ABBE2182B0B80011DFD5 /* View */ = {
			isa = PBXGroup;
			children = (
				E989A6DF217CB49C00D964E6 /* LaunchScreen.storyboard */,
				E989A6DA217CB49A00D964E6 /* Main.storyboard */,
			);
			path = View;
			sourceTree = "<group>";
		};
		E942ABBF2182B0F20011DFD5 /* Supporting Files */ = {
			isa = PBXGroup;
			children = (
				E91BC9D6221A3B16005E686C /* GoogleService-Info.plist */,
				E9A03A8221B3AF25009D0119 /* CustomUI */,
				E954B837218438F000D59354 /* QuestionCell.xib */,
				E954B83921843D6C00D59354 /* CustomQuestoinCell.swift */,
				E95E94F321880B8800B85786 /* AnswerCell.xib */,
				E95E94F221880B8800B85786 /* AnswerCell.swift */,
				E9A4B8C42193BD36009268D6 /* ReceivedAnswerCell.xib */,
				E9A4B8C32193BD36009268D6 /* ReceivedAnswerCell.swift */,
				E95E94FB218A734300B85786 /* customChatCell.xib */,
				E95E94FA218A734300B85786 /* customChatCell.swift */,
				E9B9D1CD21BA026D00806651 /* customChatCellRight.xib */,
				E9B9D1CC21BA026D00806651 /* customChatCellRight.swift */,
				E9B9D1C921B7A8ED00806651 /* FriendsCell.xib */,
				E9B9D1C821B7A8ED00806651 /* FriendsCell.swift */,
				E99B80ED21BDCFC300D26F7F /* customSettingsCell.xib */,
				E99B80EC21BDCFC300D26F7F /* customSettingsCell.swift */,
			);
			path = "Supporting Files";
			sourceTree = "<group>";
		};
		E989A6CA217CB49A00D964E6 = {
			isa = PBXGroup;
			children = (
				E989A6D5217CB49A00D964E6 /* Circle */,
				E989A6D4217CB49A00D964E6 /* Products */,
				30FA0A9232A5DC948269455D /* Pods */,
				5E3BF0157ABDBCC553E44371 /* Frameworks */,
			);
			sourceTree = "<group>";
		};
		E989A6D4217CB49A00D964E6 /* Products */ = {
			isa = PBXGroup;
			children = (
				E989A6D3217CB49A00D964E6 /* Circle.app */,
			);
			name = Products;
			sourceTree = "<group>";
		};
		E989A6D5217CB49A00D964E6 /* Circle */ = {
			isa = PBXGroup;
			children = (
				E989A6E2217CB49C00D964E6 /* Info.plist */,
				E942ABBB2182B09A0011DFD5 /* Model */,
				E942ABBE2182B0B80011DFD5 /* View */,
				E942ABBD2182B0B30011DFD5 /* Controller */,
				E942ABB92182AFBA0011DFD5 /* Assets.xcassets */,
				E942ABBF2182B0F20011DFD5 /* Supporting Files */,
			);
			path = Circle;
			sourceTree = "<group>";
		};
		E9A03A8221B3AF25009D0119 /* CustomUI */ = {
			isa = PBXGroup;
			children = (
				E94F65E92183D6E9001DF3A2 /* DesignerSlider.swift */,
				E90B1479218FAAB500985D68 /* CirclLikeButton.swift */,
				E9B073C821829B8000B049F5 /* CustomNav.swift */,
				E9A4B8C721A399CC009268D6 /* customLabel.swift */,
				E98D546F2182BD2A008C20D5 /* CustomNavForTabs.swift */,
				E95E94F62189761400B85786 /* CustomBorder.swift */,
			);
			path = CustomUI;
			sourceTree = "<group>";
		};
/* End PBXGroup section */

/* Begin PBXNativeTarget section */
		E989A6D2217CB49A00D964E6 /* Circle */ = {
			isa = PBXNativeTarget;
			buildConfigurationList = E989A6E5217CB49C00D964E6 /* Build configuration list for PBXNativeTarget "Circle" */;
			buildPhases = (
				61DF85C1A2E9D8298F7FE540 /* [CP] Check Pods Manifest.lock */,
				E989A6CF217CB49A00D964E6 /* Sources */,
				E989A6D0217CB49A00D964E6 /* Frameworks */,
				E989A6D1217CB49A00D964E6 /* Resources */,
				B2F915C9C8D2FA009B713B0E /* [CP] Embed Pods Frameworks */,
			);
			buildRules = (
			);
			dependencies = (
			);
			name = Circle;
			productName = Circle;
			productReference = E989A6D3217CB49A00D964E6 /* Circle.app */;
			productType = "com.apple.product-type.application";
		};
/* End PBXNativeTarget section */

/* Begin PBXProject section */
		E989A6CB217CB49A00D964E6 /* Project object */ = {
			isa = PBXProject;
			attributes = {
				LastSwiftUpdateCheck = 1000;
				LastUpgradeCheck = 1000;
				ORGANIZATIONNAME = "Frank Chen";
				TargetAttributes = {
					E989A6D2217CB49A00D964E6 = {
						CreatedOnToolsVersion = 10.0;
					};
				};
			};
			buildConfigurationList = E989A6CE217CB49A00D964E6 /* Build configuration list for PBXProject "Circle" */;
			compatibilityVersion = "Xcode 9.3";
			developmentRegion = en;
			hasScannedForEncodings = 0;
			knownRegions = (
				en,
				Base,
			);
			mainGroup = E989A6CA217CB49A00D964E6;
			productRefGroup = E989A6D4217CB49A00D964E6 /* Products */;
			projectDirPath = "";
			projectRoot = "";
			targets = (
				E989A6D2217CB49A00D964E6 /* Circle */,
			);
		};
/* End PBXProject section */

/* Begin PBXResourcesBuildPhase section */
		E989A6D1217CB49A00D964E6 /* Resources */ = {
			isa = PBXResourcesBuildPhase;
			buildActionMask = 2147483647;
			files = (
				E99B80EF21BDCFC300D26F7F /* customSettingsCell.xib in Resources */,
				E989A6E1217CB49C00D964E6 /* LaunchScreen.storyboard in Resources */,
				E95E94F521880B8800B85786 /* AnswerCell.xib in Resources */,
				E954B838218438F000D59354 /* QuestionCell.xib in Resources */,
				E942ABBA2182AFBB0011DFD5 /* Assets.xcassets in Resources */,
				E9B9D1CF21BA026D00806651 /* customChatCellRight.xib in Resources */,
				E91BC9D7221A3B16005E686C /* GoogleService-Info.plist in Resources */,
				E989A6DC217CB49A00D964E6 /* Main.storyboard in Resources */,
				E9A4B8C62193BD36009268D6 /* ReceivedAnswerCell.xib in Resources */,
				E95E94FD218A734300B85786 /* customChatCell.xib in Resources */,
				E9B9D1CB21B7A8ED00806651 /* FriendsCell.xib in Resources */,
			);
			runOnlyForDeploymentPostprocessing = 0;
		};
/* End PBXResourcesBuildPhase section */

/* Begin PBXShellScriptBuildPhase section */
		61DF85C1A2E9D8298F7FE540 /* [CP] Check Pods Manifest.lock */ = {
			isa = PBXShellScriptBuildPhase;
			buildActionMask = 2147483647;
			files = (
			);
			inputPaths = (
				"${PODS_PODFILE_DIR_PATH}/Podfile.lock",
				"${PODS_ROOT}/Manifest.lock",
			);
			name = "[CP] Check Pods Manifest.lock";
			outputPaths = (
				"$(DERIVED_FILE_DIR)/Pods-Circle-checkManifestLockResult.txt",
			);
			runOnlyForDeploymentPostprocessing = 0;
			shellPath = /bin/sh;
			shellScript = "diff \"${PODS_PODFILE_DIR_PATH}/Podfile.lock\" \"${PODS_ROOT}/Manifest.lock\" > /dev/null\nif [ $? != 0 ] ; then\n    # print error to STDERR\n    echo \"error: The sandbox is not in sync with the Podfile.lock. Run 'pod install' or update your CocoaPods installation.\" >&2\n    exit 1\nfi\n# This output is used by Xcode 'outputs' to avoid re-running this script phase.\necho \"SUCCESS\" > \"${SCRIPT_OUTPUT_FILE_0}\"\n";
			showEnvVarsInLog = 0;
		};
		B2F915C9C8D2FA009B713B0E /* [CP] Embed Pods Frameworks */ = {
			isa = PBXShellScriptBuildPhase;
			buildActionMask = 2147483647;
			files = (
			);
			inputPaths = (
				"${SRCROOT}/Pods/Target Support Files/Pods-Circle/Pods-Circle-frameworks.sh",
				"${BUILT_PRODUCTS_DIR}/ChameleonFramework/ChameleonFramework.framework",
				"${BUILT_PRODUCTS_DIR}/GTMSessionFetcher/GTMSessionFetcher.framework",
				"${BUILT_PRODUCTS_DIR}/GoogleUtilities/GoogleUtilities.framework",
				"${BUILT_PRODUCTS_DIR}/KMPlaceholderTextView/KMPlaceholderTextView.framework",
				"${BUILT_PRODUCTS_DIR}/ReachabilitySwift/Reachability.framework",
				"${BUILT_PRODUCTS_DIR}/SVProgressHUD/SVProgressHUD.framework",
				"${BUILT_PRODUCTS_DIR}/leveldb-library/leveldb.framework",
				"${BUILT_PRODUCTS_DIR}/nanopb/nanopb.framework",
			);
			name = "[CP] Embed Pods Frameworks";
			outputPaths = (
				"${TARGET_BUILD_DIR}/${FRAMEWORKS_FOLDER_PATH}/ChameleonFramework.framework",
				"${TARGET_BUILD_DIR}/${FRAMEWORKS_FOLDER_PATH}/GTMSessionFetcher.framework",
				"${TARGET_BUILD_DIR}/${FRAMEWORKS_FOLDER_PATH}/GoogleUtilities.framework",
				"${TARGET_BUILD_DIR}/${FRAMEWORKS_FOLDER_PATH}/KMPlaceholderTextView.framework",
				"${TARGET_BUILD_DIR}/${FRAMEWORKS_FOLDER_PATH}/Reachability.framework",
				"${TARGET_BUILD_DIR}/${FRAMEWORKS_FOLDER_PATH}/SVProgressHUD.framework",
				"${TARGET_BUILD_DIR}/${FRAMEWORKS_FOLDER_PATH}/leveldb.framework",
				"${TARGET_BUILD_DIR}/${FRAMEWORKS_FOLDER_PATH}/nanopb.framework",
			);
			runOnlyForDeploymentPostprocessing = 0;
			shellPath = /bin/sh;
			shellScript = "\"${SRCROOT}/Pods/Target Support Files/Pods-Circle/Pods-Circle-frameworks.sh\"\n";
			showEnvVarsInLog = 0;
		};
/* End PBXShellScriptBuildPhase section */

/* Begin PBXSourcesBuildPhase section */
		E989A6CF217CB49A00D964E6 /* Sources */ = {
			isa = PBXSourcesBuildPhase;
			buildActionMask = 2147483647;
			files = (
				E98D54742182C12B008C20D5 /* AskedViewController.swift in Sources */,
				E98D54842183AC53008C20D5 /* Question.swift in Sources */,
				E9B9D1CA21B7A8ED00806651 /* FriendsCell.swift in Sources */,
				E95E94FC218A734300B85786 /* customChatCell.swift in Sources */,
				E94F65EA2183D6E9001DF3A2 /* DesignerSlider.swift in Sources */,
				E90B147A218FAAB500985D68 /* CirclLikeButton.swift in Sources */,
				E98D54702182BD2A008C20D5 /* CustomNavForTabs.swift in Sources */,
				E98D54782182C151008C20D5 /* ChatViewController.swift in Sources */,
				E942ABC32182B2790011DFD5 /* LoginViewController.swift in Sources */,
				E9B9D1C721B709E500806651 /* User.swift in Sources */,
				E9CBB74E218A876600617F95 /* Message.swift in Sources */,
				E98D548021837F89008C20D5 /* Switcher.swift in Sources */,
				E95E94F121880ABD00B85786 /* Answer.swift in Sources */,
				E9B9D1CE21BA026D00806651 /* customChatCellRight.swift in Sources */,
				E98D54762182C149008C20D5 /* NewQuestionViewController.swift in Sources */,
				E9A4B8C821A399CC009268D6 /* customLabel.swift in Sources */,
				E9FCD11E2187F89C005913E1 /* QuestionDetail.swift in Sources */,
				E9671684221A135B007E43D2 /* PrivacyViewController.swift in Sources */,
				E954B83A21843D6C00D59354 /* CustomQuestoinCell.swift in Sources */,
				E98A6024221FB2FD00725251 /* NetworkManager.swift in Sources */,
				E942ABC52182B2A30011DFD5 /* RegisterViewController.swift in Sources */,
				E9725BF021C338EE004F4CCF /* ReputationViewController.swift in Sources */,
				E98D547A2182C159008C20D5 /* MeViewController.swift in Sources */,
				E9671686221A1630007E43D2 /* TermsViewController.swift in Sources */,
				E98D54722182C11D008C20D5 /* HomeViewController.swift in Sources */,
				E99B80EE21BDCFC300D26F7F /* customSettingsCell.swift in Sources */,
				E989A6D9217CB49A00D964E6 /* ViewController.swift in Sources */,
				E9A4B8C52193BD36009268D6 /* ReceivedAnswerCell.swift in Sources */,
				E95E94F9218A728400B85786 /* DirectChatViewController.swift in Sources */,
				E98D547E21837EE9008C20D5 /* LogoutViewController.swift in Sources */,
				E94F65F021840DFA001DF3A2 /* CustomLocationManager.swift in Sources */,
				E989A6D7217CB49A00D964E6 /* AppDelegate.swift in Sources */,
				E95E94F421880B8800B85786 /* AnswerCell.swift in Sources */,
				E942ABC72182B2FF0011DFD5 /* TabBarViewController.swift in Sources */,
				E95E94F72189761400B85786 /* CustomBorder.swift in Sources */,
				E9B073C921829B8000B049F5 /* CustomNav.swift in Sources */,
				E9A4B8C221927314009268D6 /* AskedDetailViewController.swift in Sources */,
			);
			runOnlyForDeploymentPostprocessing = 0;
		};
/* End PBXSourcesBuildPhase section */

/* Begin PBXVariantGroup section */
		E989A6DA217CB49A00D964E6 /* Main.storyboard */ = {
			isa = PBXVariantGroup;
			children = (
				E989A6DB217CB49A00D964E6 /* Base */,
			);
			name = Main.storyboard;
			sourceTree = "<group>";
		};
		E989A6DF217CB49C00D964E6 /* LaunchScreen.storyboard */ = {
			isa = PBXVariantGroup;
			children = (
				E989A6E0217CB49C00D964E6 /* Base */,
			);
			name = LaunchScreen.storyboard;
			sourceTree = "<group>";
		};
/* End PBXVariantGroup section */

/* Begin XCBuildConfiguration section */
		E989A6E3217CB49C00D964E6 /* Debug */ = {
			isa = XCBuildConfiguration;
			buildSettings = {
				ALWAYS_SEARCH_USER_PATHS = NO;
				CLANG_ANALYZER_NONNULL = YES;
				CLANG_ANALYZER_NUMBER_OBJECT_CONVERSION = YES_AGGRESSIVE;
				CLANG_CXX_LANGUAGE_STANDARD = "gnu++14";
				CLANG_CXX_LIBRARY = "libc++";
				CLANG_ENABLE_MODULES = YES;
				CLANG_ENABLE_OBJC_ARC = YES;
				CLANG_ENABLE_OBJC_WEAK = YES;
				CLANG_WARN_BLOCK_CAPTURE_AUTORELEASING = YES;
				CLANG_WARN_BOOL_CONVERSION = YES;
				CLANG_WARN_COMMA = YES;
				CLANG_WARN_CONSTANT_CONVERSION = YES;
				CLANG_WARN_DEPRECATED_OBJC_IMPLEMENTATIONS = YES;
				CLANG_WARN_DIRECT_OBJC_ISA_USAGE = YES_ERROR;
				CLANG_WARN_DOCUMENTATION_COMMENTS = YES;
				CLANG_WARN_EMPTY_BODY = YES;
				CLANG_WARN_ENUM_CONVERSION = YES;
				CLANG_WARN_INFINITE_RECURSION = YES;
				CLANG_WARN_INT_CONVERSION = YES;
				CLANG_WARN_NON_LITERAL_NULL_CONVERSION = YES;
				CLANG_WARN_OBJC_IMPLICIT_RETAIN_SELF = YES;
				CLANG_WARN_OBJC_LITERAL_CONVERSION = YES;
				CLANG_WARN_OBJC_ROOT_CLASS = YES_ERROR;
				CLANG_WARN_RANGE_LOOP_ANALYSIS = YES;
				CLANG_WARN_STRICT_PROTOTYPES = YES;
				CLANG_WARN_SUSPICIOUS_MOVE = YES;
				CLANG_WARN_UNGUARDED_AVAILABILITY = YES_AGGRESSIVE;
				CLANG_WARN_UNREACHABLE_CODE = YES;
				CLANG_WARN__DUPLICATE_METHOD_MATCH = YES;
				CODE_SIGN_IDENTITY = "iPhone Developer";
				COPY_PHASE_STRIP = NO;
				DEBUG_INFORMATION_FORMAT = dwarf;
				ENABLE_STRICT_OBJC_MSGSEND = YES;
				ENABLE_TESTABILITY = YES;
				GCC_C_LANGUAGE_STANDARD = gnu11;
				GCC_DYNAMIC_NO_PIC = NO;
				GCC_NO_COMMON_BLOCKS = YES;
				GCC_OPTIMIZATION_LEVEL = 0;
				GCC_PREPROCESSOR_DEFINITIONS = (
					"DEBUG=1",
					"$(inherited)",
				);
				GCC_WARN_64_TO_32_BIT_CONVERSION = YES;
				GCC_WARN_ABOUT_RETURN_TYPE = YES_ERROR;
				GCC_WARN_UNDECLARED_SELECTOR = YES;
				GCC_WARN_UNINITIALIZED_AUTOS = YES_AGGRESSIVE;
				GCC_WARN_UNUSED_FUNCTION = YES;
				GCC_WARN_UNUSED_VARIABLE = YES;
				IPHONEOS_DEPLOYMENT_TARGET = 12.0;
				MTL_ENABLE_DEBUG_INFO = INCLUDE_SOURCE;
				MTL_FAST_MATH = YES;
				ONLY_ACTIVE_ARCH = YES;
				SDKROOT = iphoneos;
				SWIFT_ACTIVE_COMPILATION_CONDITIONS = DEBUG;
				SWIFT_OPTIMIZATION_LEVEL = "-Onone";
			};
			name = Debug;
		};
		E989A6E4217CB49C00D964E6 /* Release */ = {
			isa = XCBuildConfiguration;
			buildSettings = {
				ALWAYS_SEARCH_USER_PATHS = NO;
				CLANG_ANALYZER_NONNULL = YES;
				CLANG_ANALYZER_NUMBER_OBJECT_CONVERSION = YES_AGGRESSIVE;
				CLANG_CXX_LANGUAGE_STANDARD = "gnu++14";
				CLANG_CXX_LIBRARY = "libc++";
				CLANG_ENABLE_MODULES = YES;
				CLANG_ENABLE_OBJC_ARC = YES;
				CLANG_ENABLE_OBJC_WEAK = YES;
				CLANG_WARN_BLOCK_CAPTURE_AUTORELEASING = YES;
				CLANG_WARN_BOOL_CONVERSION = YES;
				CLANG_WARN_COMMA = YES;
				CLANG_WARN_CONSTANT_CONVERSION = YES;
				CLANG_WARN_DEPRECATED_OBJC_IMPLEMENTATIONS = YES;
				CLANG_WARN_DIRECT_OBJC_ISA_USAGE = YES_ERROR;
				CLANG_WARN_DOCUMENTATION_COMMENTS = YES;
				CLANG_WARN_EMPTY_BODY = YES;
				CLANG_WARN_ENUM_CONVERSION = YES;
				CLANG_WARN_INFINITE_RECURSION = YES;
				CLANG_WARN_INT_CONVERSION = YES;
				CLANG_WARN_NON_LITERAL_NULL_CONVERSION = YES;
				CLANG_WARN_OBJC_IMPLICIT_RETAIN_SELF = YES;
				CLANG_WARN_OBJC_LITERAL_CONVERSION = YES;
				CLANG_WARN_OBJC_ROOT_CLASS = YES_ERROR;
				CLANG_WARN_RANGE_LOOP_ANALYSIS = YES;
				CLANG_WARN_STRICT_PROTOTYPES = YES;
				CLANG_WARN_SUSPICIOUS_MOVE = YES;
				CLANG_WARN_UNGUARDED_AVAILABILITY = YES_AGGRESSIVE;
				CLANG_WARN_UNREACHABLE_CODE = YES;
				CLANG_WARN__DUPLICATE_METHOD_MATCH = YES;
				CODE_SIGN_IDENTITY = "iPhone Developer";
				COPY_PHASE_STRIP = NO;
				DEBUG_INFORMATION_FORMAT = "dwarf-with-dsym";
				ENABLE_NS_ASSERTIONS = NO;
				ENABLE_STRICT_OBJC_MSGSEND = YES;
				GCC_C_LANGUAGE_STANDARD = gnu11;
				GCC_NO_COMMON_BLOCKS = YES;
				GCC_WARN_64_TO_32_BIT_CONVERSION = YES;
				GCC_WARN_ABOUT_RETURN_TYPE = YES_ERROR;
				GCC_WARN_UNDECLARED_SELECTOR = YES;
				GCC_WARN_UNINITIALIZED_AUTOS = YES_AGGRESSIVE;
				GCC_WARN_UNUSED_FUNCTION = YES;
				GCC_WARN_UNUSED_VARIABLE = YES;
				IPHONEOS_DEPLOYMENT_TARGET = 12.0;
				MTL_ENABLE_DEBUG_INFO = NO;
				MTL_FAST_MATH = YES;
				SDKROOT = iphoneos;
				SWIFT_COMPILATION_MODE = wholemodule;
				SWIFT_OPTIMIZATION_LEVEL = "-O";
				VALIDATE_PRODUCT = YES;
			};
			name = Release;
		};
		E989A6E6217CB49C00D964E6 /* Debug */ = {
			isa = XCBuildConfiguration;
			baseConfigurationReference = 76D14F4035E90FDFC6D96A6A /* Pods-Circle.debug.xcconfig */;
			buildSettings = {
				ASSETCATALOG_COMPILER_APPICON_NAME = AppIcon;
				CODE_SIGN_IDENTITY = "iPhone Developer";
				CODE_SIGN_STYLE = Automatic;
				DEFINES_MODULE = NO;
				DEVELOPMENT_TEAM = WPKBU3MB67;
				INFOPLIST_FILE = Circle/Info.plist;
				LD_RUNPATH_SEARCH_PATHS = (
					"$(inherited)",
					"@executable_path/Frameworks",
				);
				PRODUCT_BUNDLE_IDENTIFIER = com.westguards.circl;
				PRODUCT_NAME = "$(TARGET_NAME)";
				SWIFT_OBJC_BRIDGING_HEADER = "";
				SWIFT_VERSION = 4.2;
				TARGETED_DEVICE_FAMILY = 1;
				USER_HEADER_SEARCH_PATHS = "";
			};
			name = Debug;
		};
		E989A6E7217CB49C00D964E6 /* Release */ = {
			isa = XCBuildConfiguration;
			baseConfigurationReference = E402A7E2FAE328CA5BA2BFC7 /* Pods-Circle.release.xcconfig */;
			buildSettings = {
				ASSETCATALOG_COMPILER_APPICON_NAME = AppIcon;
				CODE_SIGN_IDENTITY = "iPhone Developer";
				CODE_SIGN_STYLE = Automatic;
				DEFINES_MODULE = NO;
				DEVELOPMENT_TEAM = WPKBU3MB67;
				INFOPLIST_FILE = Circle/Info.plist;
				LD_RUNPATH_SEARCH_PATHS = (
					"$(inherited)",
					"@executable_path/Frameworks",
				);
				PRODUCT_BUNDLE_IDENTIFIER = com.westguards.circl;
				PRODUCT_NAME = "$(TARGET_NAME)";
				SWIFT_OBJC_BRIDGING_HEADER = "";
				SWIFT_VERSION = 4.2;
				TARGETED_DEVICE_FAMILY = 1;
				USER_HEADER_SEARCH_PATHS = "";
			};
			name = Release;
		};
/* End XCBuildConfiguration section */

/* Begin XCConfigurationList section */
		E989A6CE217CB49A00D964E6 /* Build configuration list for PBXProject "Circle" */ = {
			isa = XCConfigurationList;
			buildConfigurations = (
				E989A6E3217CB49C00D964E6 /* Debug */,
				E989A6E4217CB49C00D964E6 /* Release */,
			);
			defaultConfigurationIsVisible = 0;
			defaultConfigurationName = Release;
		};
		E989A6E5217CB49C00D964E6 /* Build configuration list for PBXNativeTarget "Circle" */ = {
			isa = XCConfigurationList;
			buildConfigurations = (
				E989A6E6217CB49C00D964E6 /* Debug */,
				E989A6E7217CB49C00D964E6 /* Release */,
			);
			defaultConfigurationIsVisible = 0;
			defaultConfigurationName = Release;
		};
/* End XCConfigurationList section */
	};
	rootObject = E989A6CB217CB49A00D964E6 /* Project object */;
}
